// !$*UTF8*$!
{
	archiveVersion = 1;
	classes = {
	};
	objectVersion = 55;
	objects = {

/* Begin PBXBuildFile section */
		1B3D8E5A27D23DD400183E6E /* AppDelegate.swift in Sources */ = {isa = PBXBuildFile; fileRef = 1B3D8E5927D23DD400183E6E /* AppDelegate.swift */; };
		1B3D8E5C27D23DD400183E6E /* SceneDelegate.swift in Sources */ = {isa = PBXBuildFile; fileRef = 1B3D8E5B27D23DD400183E6E /* SceneDelegate.swift */; };
		1B3D8E5E27D23DD400183E6E /* ViewController.swift in Sources */ = {isa = PBXBuildFile; fileRef = 1B3D8E5D27D23DD400183E6E /* ViewController.swift */; };
		1B3D8E6127D23DD400183E6E /* Main.storyboard in Resources */ = {isa = PBXBuildFile; fileRef = 1B3D8E5F27D23DD400183E6E /* Main.storyboard */; };
		1B3D8E6327D23DD500183E6E /* Assets.xcassets in Resources */ = {isa = PBXBuildFile; fileRef = 1B3D8E6227D23DD500183E6E /* Assets.xcassets */; };
		1B3D8E6627D23DD500183E6E /* LaunchScreen.storyboard in Resources */ = {isa = PBXBuildFile; fileRef = 1B3D8E6427D23DD500183E6E /* LaunchScreen.storyboard */; };
		1B3D8E6E27D23F0B00183E6E /* Popup.storyboard in Resources */ = {isa = PBXBuildFile; fileRef = 1B3D8E6D27D23F0B00183E6E /* Popup.storyboard */; };
		1B3D8E7027D2454700183E6E /* CustomPopupViewController.swift in Sources */ = {isa = PBXBuildFile; fileRef = 1B3D8E6F27D2454700183E6E /* CustomPopupViewController.swift */; };
		1B3D8E7327D2492400183E6E /* WebKit.framework in Frameworks */ = {isa = PBXBuildFile; fileRef = 1B3D8E7227D2492400183E6E /* WebKit.framework */; };
/* End PBXBuildFile section */

/* Begin PBXFileReference section */
		1B3D8E5627D23DD400183E6E /* CustomPopupTuto.app */ = {isa = PBXFileReference; explicitFileType = wrapper.application; includeInIndex = 0; path = CustomPopupTuto.app; sourceTree = BUILT_PRODUCTS_DIR; };
		1B3D8E5927D23DD400183E6E /* AppDelegate.swift */ = {isa = PBXFileReference; lastKnownFileType = sourcecode.swift; path = AppDelegate.swift; sourceTree = "<group>"; };
		1B3D8E5B27D23DD400183E6E /* SceneDelegate.swift */ = {isa = PBXFileReference; lastKnownFileType = sourcecode.swift; path = SceneDelegate.swift; sourceTree = "<group>"; };
		1B3D8E5D27D23DD400183E6E /* ViewController.swift */ = {isa = PBXFileReference; lastKnownFileType = sourcecode.swift; path = ViewController.swift; sourceTree = "<group>"; };
		1B3D8E6027D23DD400183E6E /* Base */ = {isa = PBXFileReference; lastKnownFileType = file.storyboard; name = Base; path = Base.lproj/Main.storyboard; sourceTree = "<group>"; };
		1B3D8E6227D23DD500183E6E /* Assets.xcassets */ = {isa = PBXFileReference; lastKnownFileType = folder.assetcatalog; path = Assets.xcassets; sourceTree = "<group>"; };
		1B3D8E6527D23DD500183E6E /* Base */ = {isa = PBXFileReference; lastKnownFileType = file.storyboard; name = Base; path = Base.lproj/LaunchScreen.storyboard; sourceTree = "<group>"; };
		1B3D8E6727D23DD500183E6E /* Info.plist */ = {isa = PBXFileReference; lastKnownFileType = text.plist.xml; path = Info.plist; sourceTree = "<group>"; };
		1B3D8E6D27D23F0B00183E6E /* Popup.storyboard */ = {isa = PBXFileReference; lastKnownFileType = file.storyboard; path = Popup.storyboard; sourceTree = "<group>"; };
		1B3D8E6F27D2454700183E6E /* CustomPopupViewController.swift */ = {isa = PBXFileReference; lastKnownFileType = sourcecode.swift; path = CustomPopupViewController.swift; sourceTree = "<group>"; };
		1B3D8E7227D2492400183E6E /* WebKit.framework */ = {isa = PBXFileReference; lastKnownFileType = wrapper.framework; name = WebKit.framework; path = System/Library/Frameworks/WebKit.framework; sourceTree = SDKROOT; };
/* End PBXFileReference section */

/* Begin PBXFrameworksBuildPhase section */
		1B3D8E5327D23DD400183E6E /* Frameworks */ = {
			isa = PBXFrameworksBuildPhase;
			buildActionMask = 2147483647;
			files = (
				1B3D8E7327D2492400183E6E /* WebKit.framework in Frameworks */,
			);
			runOnlyForDeploymentPostprocessing = 0;
		};
/* End PBXFrameworksBuildPhase section */

/* Begin PBXGroup section */
		1B3D8E4D27D23DD400183E6E = {
			isa = PBXGroup;
			children = (
				1B3D8E5827D23DD400183E6E /* CustomPopupTuto */,
				1B3D8E5727D23DD400183E6E /* Products */,
				1B3D8E7127D2492400183E6E /* Frameworks */,
			);
			sourceTree = "<group>";
		};
		1B3D8E5727D23DD400183E6E /* Products */ = {
			isa = PBXGroup;
			children = (
				1B3D8E5627D23DD400183E6E /* CustomPopupTuto.app */,
			);
			name = Products;
			sourceTree = "<group>";
		};
		1B3D8E5827D23DD400183E6E /* CustomPopupTuto */ = {
			isa = PBXGroup;
			children = (
				1B3D8E5927D23DD400183E6E /* AppDelegate.swift */,
				1B3D8E5B27D23DD400183E6E /* SceneDelegate.swift */,
				1B3D8E5D27D23DD400183E6E /* ViewController.swift */,
				1B3D8E6F27D2454700183E6E /* CustomPopupViewController.swift */,
				1B3D8E5F27D23DD400183E6E /* Main.storyboard */,
				1B3D8E6D27D23F0B00183E6E /* Popup.storyboard */,
				1B3D8E6427D23DD500183E6E /* LaunchScreen.storyboard */,
				1B3D8E6227D23DD500183E6E /* Assets.xcassets */,
				1B3D8E6727D23DD500183E6E /* Info.plist */,
			);
			path = CustomPopupTuto;
			sourceTree = "<group>";
		};
		1B3D8E7127D2492400183E6E /* Frameworks */ = {
			isa = PBXGroup;
			children = (
				1B3D8E7227D2492400183E6E /* WebKit.framework */,
			);
			name = Frameworks;
			sourceTree = "<group>";
		};
/* End PBXGroup section */

/* Begin PBXNativeTarget section */
		1B3D8E5527D23DD400183E6E /* CustomPopupTuto */ = {
			isa = PBXNativeTarget;
			buildConfigurationList = 1B3D8E6A27D23DD500183E6E /* Build configuration list for PBXNativeTarget "CustomPopupTuto" */;
			buildPhases = (
				1B3D8E5227D23DD400183E6E /* Sources */,
				1B3D8E5327D23DD400183E6E /* Frameworks */,
				1B3D8E5427D23DD400183E6E /* Resources */,
			);
			buildRules = (
			);
			dependencies = (
			);
			name = CustomPopupTuto;
			productName = CustomPopupTuto;
			productReference = 1B3D8E5627D23DD400183E6E /* CustomPopupTuto.app */;
			productType = "com.apple.product-type.application";
		};
/* End PBXNativeTarget section */

/* Begin PBXProject section */
		1B3D8E4E27D23DD400183E6E /* Project object */ = {
			isa = PBXProject;
			attributes = {
				BuildIndependentTargetsInParallel = 1;
				LastSwiftUpdateCheck = 1320;
				LastUpgradeCheck = 1320;
				TargetAttributes = {
					1B3D8E5527D23DD400183E6E = {
						CreatedOnToolsVersion = 13.2.1;
					};
				};
			};
			buildConfigurationList = 1B3D8E5127D23DD400183E6E /* Build configuration list for PBXProject "CustomPopupTuto" */;
			compatibilityVersion = "Xcode 13.0";
			developmentRegion = en;
			hasScannedForEncodings = 0;
			knownRegions = (
				en,
				Base,
			);
			mainGroup = 1B3D8E4D27D23DD400183E6E;
			productRefGroup = 1B3D8E5727D23DD400183E6E /* Products */;
			projectDirPath = "";
			projectRoot = "";
			targets = (
				1B3D8E5527D23DD400183E6E /* CustomPopupTuto */,
			);
		};
/* End PBXProject section */

/* Begin PBXResourcesBuildPhase section */
		1B3D8E5427D23DD400183E6E /* Resources */ = {
			isa = PBXResourcesBuildPhase;
			buildActionMask = 2147483647;
			files = (
				1B3D8E6627D23DD500183E6E /* LaunchScreen.storyboard in Resources */,
				1B3D8E6327D23DD500183E6E /* Assets.xcassets in Resources */,
				1B3D8E6E27D23F0B00183E6E /* Popup.storyboard in Resources */,
				1B3D8E6127D23DD400183E6E /* Main.storyboard in Resources */,
			);
			runOnlyForDeploymentPostprocessing = 0;
		};
/* End PBXResourcesBuildPhase section */

/* Begin PBXSourcesBuildPhase section */
		1B3D8E5227D23DD400183E6E /* Sources */ = {
			isa = PBXSourcesBuildPhase;
			buildActionMask = 2147483647;
			files = (
				1B3D8E7027D2454700183E6E /* CustomPopupViewController.swift in Sources */,
				1B3D8E5E27D23DD400183E6E /* ViewController.swift in Sources */,
				1B3D8E5A27D23DD400183E6E /* AppDelegate.swift in Sources */,
				1B3D8E5C27D23DD400183E6E /* SceneDelegate.swift in Sources */,
			);
			runOnlyForDeploymentPostprocessing = 0;
		};
/* End PBXSourcesBuildPhase section */

/* Begin PBXVariantGroup section */
		1B3D8E5F27D23DD400183E6E /* Main.storyboard */ = {
			isa = PBXVariantGroup;
			children = (
				1B3D8E6027D23DD400183E6E /* Base */,
			);
			name = Main.storyboard;
			sourceTree = "<group>";
		};
		1B3D8E6427D23DD500183E6E /* LaunchScreen.storyboard */ = {
			isa = PBXVariantGroup;
			children = (
				1B3D8E6527D23DD500183E6E /* Base */,
			);
			name = LaunchScreen.storyboard;
			sourceTree = "<group>";
		};
/* End PBXVariantGroup section */

/* Begin XCBuildConfiguration section */
		1B3D8E6827D23DD500183E6E /* Debug */ = {
			isa = XCBuildConfiguration;
			buildSettings = {
				ALWAYS_SEARCH_USER_PATHS = NO;
				CLANG_ANALYZER_NONNULL = YES;
				CLANG_ANALYZER_NUMBER_OBJECT_CONVERSION = YES_AGGRESSIVE;
				CLANG_CXX_LANGUAGE_STANDARD = "gnu++17";
				CLANG_CXX_LIBRARY = "libc++";
				CLANG_ENABLE_MODULES = YES;
				CLANG_ENABLE_OBJC_ARC = YES;
				CLANG_ENABLE_OBJC_WEAK = YES;
				CLANG_WARN_BLOCK_CAPTURE_AUTORELEASING = YES;
				CLANG_WARN_BOOL_CONVERSION = YES;
				CLANG_WARN_COMMA = YES;
				CLANG_WARN_CONSTANT_CONVERSION = YES;
				CLANG_WARN_DEPRECATED_OBJC_IMPLEMENTATIONS = YES;
				CLANG_WARN_DIRECT_OBJC_ISA_USAGE = YES_ERROR;
				CLANG_WARN_DOCUMENTATION_COMMENTS = YES;
				CLANG_WARN_EMPTY_BODY = YES;
				CLANG_WARN_ENUM_CONVERSION = YES;
				CLANG_WARN_INFINITE_RECURSION = YES;
				CLANG_WARN_INT_CONVERSION = YES;
				CLANG_WARN_NON_LITERAL_NULL_CONVERSION = YES;
				CLANG_WARN_OBJC_IMPLICIT_RETAIN_SELF = YES;
				CLANG_WARN_OBJC_LITERAL_CONVERSION = YES;
				CLANG_WARN_OBJC_ROOT_CLASS = YES_ERROR;
				CLANG_WARN_QUOTED_INCLUDE_IN_FRAMEWORK_HEADER = YES;
				CLANG_WARN_RANGE_LOOP_ANALYSIS = YES;
				CLANG_WARN_STRICT_PROTOTYPES = YES;
				CLANG_WARN_SUSPICIOUS_MOVE = YES;
				CLANG_WARN_UNGUARDED_AVAILABILITY = YES_AGGRESSIVE;
				CLANG_WARN_UNREACHABLE_CODE = YES;
				CLANG_WARN__DUPLICATE_METHOD_MATCH = YES;
				COPY_PHASE_STRIP = NO;
				DEBUG_INFORMATION_FORMAT = dwarf;
				ENABLE_STRICT_OBJC_MSGSEND = YES;
				ENABLE_TESTABILITY = YES;
				GCC_C_LANGUAGE_STANDARD = gnu11;
				GCC_DYNAMIC_NO_PIC = NO;
				GCC_NO_COMMON_BLOCKS = YES;
				GCC_OPTIMIZATION_LEVEL = 0;
				GCC_PREPROCESSOR_DEFINITIONS = (
					"DEBUG=1",
					"$(inherited)",
				);
				GCC_WARN_64_TO_32_BIT_CONVERSION = YES;
				GCC_WARN_ABOUT_RETURN_TYPE = YES_ERROR;
				GCC_WARN_UNDECLARED_SELECTOR = YES;
				GCC_WARN_UNINITIALIZED_AUTOS = YES_AGGRESSIVE;
				GCC_WARN_UNUSED_FUNCTION = YES;
				GCC_WARN_UNUSED_VARIABLE = YES;
				IPHONEOS_DEPLOYMENT_TARGET = 15.2;
				MTL_ENABLE_DEBUG_INFO = INCLUDE_SOURCE;
				MTL_FAST_MATH = YES;
				ONLY_ACTIVE_ARCH = YES;
				SDKROOT = iphoneos;
				SWIFT_ACTIVE_COMPILATION_CONDITIONS = DEBUG;
				SWIFT_OPTIMIZATION_LEVEL = "-Onone";
			};
			name = Debug;
		};
		1B3D8E6927D23DD500183E6E /* Release */ = {
			isa = XCBuildConfiguration;
			buildSettings = {
				ALWAYS_SEARCH_USER_PATHS = NO;
				CLANG_ANALYZER_NONNULL = YES;
				CLANG_ANALYZER_NUMBER_OBJECT_CONVERSION = YES_AGGRESSIVE;
				CLANG_CXX_LANGUAGE_STANDARD = "gnu++17";
				CLANG_CXX_LIBRARY = "libc++";
				CLANG_ENABLE_MODULES = YES;
				CLANG_ENABLE_OBJC_ARC = YES;
				CLANG_ENABLE_OBJC_WEAK = YES;
				CLANG_WARN_BLOCK_CAPTURE_AUTORELEASING = YES;
				CLANG_WARN_BOOL_CONVERSION = YES;
				CLANG_WARN_COMMA = YES;
				CLANG_WARN_CONSTANT_CONVERSION = YES;
				CLANG_WARN_DEPRECATED_OBJC_IMPLEMENTATIONS = YES;
				CLANG_WARN_DIRECT_OBJC_ISA_USAGE = YES_ERROR;
				CLANG_WARN_DOCUMENTATION_COMMENTS = YES;
				CLANG_WARN_EMPTY_BODY = YES;
				CLANG_WARN_ENUM_CONVERSION = YES;
				CLANG_WARN_INFINITE_RECURSION = YES;
				CLANG_WARN_INT_CONVERSION = YES;
				CLANG_WARN_NON_LITERAL_NULL_CONVERSION = YES;
				CLANG_WARN_OBJC_IMPLICIT_RETAIN_SELF = YES;
				CLANG_WARN_OBJC_LITERAL_CONVERSION = YES;
				CLANG_WARN_OBJC_ROOT_CLASS = YES_ERROR;
				CLANG_WARN_QUOTED_INCLUDE_IN_FRAMEWORK_HEADER = YES;
				CLANG_WARN_RANGE_LOOP_ANALYSIS = YES;
				CLANG_WARN_STRICT_PROTOTYPES = YES;
				CLANG_WARN_SUSPICIOUS_MOVE = YES;
				CLANG_WARN_UNGUARDED_AVAILABILITY = YES_AGGRESSIVE;
				CLANG_WARN_UNREACHABLE_CODE = YES;
				CLANG_WARN__DUPLICATE_METHOD_MATCH = YES;
				COPY_PHASE_STRIP = NO;
				DEBUG_INFORMATION_FORMAT = "dwarf-with-dsym";
				ENABLE_NS_ASSERTIONS = NO;
				ENABLE_STRICT_OBJC_MSGSEND = YES;
				GCC_C_LANGUAGE_STANDARD = gnu11;
				GCC_NO_COMMON_BLOCKS = YES;
				GCC_WARN_64_TO_32_BIT_CONVERSION = YES;
				GCC_WARN_ABOUT_RETURN_TYPE = YES_ERROR;
				GCC_WARN_UNDECLARED_SELECTOR = YES;
				GCC_WARN_UNINITIALIZED_AUTOS = YES_AGGRESSIVE;
				GCC_WARN_UNUSED_FUNCTION = YES;
				GCC_WARN_UNUSED_VARIABLE = YES;
				IPHONEOS_DEPLOYMENT_TARGET = 15.2;
				MTL_ENABLE_DEBUG_INFO = NO;
				MTL_FAST_MATH = YES;
				SDKROOT = iphoneos;
				SWIFT_COMPILATION_MODE = wholemodule;
				SWIFT_OPTIMIZATION_LEVEL = "-O";
				VALIDATE_PRODUCT = YES;
			};
			name = Release;
		};
		1B3D8E6B27D23DD500183E6E /* Debug */ = {
			isa = XCBuildConfiguration;
			buildSettings = {
				ASSETCATALOG_COMPILER_APPICON_NAME = AppIcon;
				ASSETCATALOG_COMPILER_GLOBAL_ACCENT_COLOR_NAME = AccentColor;
				CODE_SIGN_STYLE = Automatic;
				CURRENT_PROJECT_VERSION = 1;
				DEVELOPMENT_TEAM = XK53VMU7S3;
				GENERATE_INFOPLIST_FILE = YES;
				INFOPLIST_FILE = CustomPopupTuto/Info.plist;
				INFOPLIST_KEY_UIApplicationSupportsIndirectInputEvents = YES;
				INFOPLIST_KEY_UILaunchStoryboardName = LaunchScreen;
				INFOPLIST_KEY_UIMainStoryboardFile = Main;
				INFOPLIST_KEY_UISupportedInterfaceOrientations_iPad = "UIInterfaceOrientationPortrait UIInterfaceOrientationPortraitUpsideDown UIInterfaceOrientationLandscapeLeft UIInterfaceOrientationLandscapeRight";
				INFOPLIST_KEY_UISupportedInterfaceOrientations_iPhone = "UIInterfaceOrientationPortrait UIInterfaceOrientationLandscapeLeft UIInterfaceOrientationLandscapeRight";
				LD_RUNPATH_SEARCH_PATHS = (
					"$(inherited)",
					"@executable_path/Frameworks",
				);
				MARKETING_VERSION = 1.0;
				PRODUCT_BUNDLE_IDENTIFIER = Cdeer.CustomPopupTuto;
				PRODUCT_NAME = "$(TARGET_NAME)";
				SWIFT_EMIT_LOC_STRINGS = YES;
				SWIFT_VERSION = 5.0;
				TARGETED_DEVICE_FAMILY = "1,2";
			};
			name = Debug;
		};
		1B3D8E6C27D23DD500183E6E /* Release */ = {
			isa = XCBuildConfiguration;
			buildSettings = {
				ASSETCATALOG_COMPILER_APPICON_NAME = AppIcon;
				ASSETCATALOG_COMPILER_GLOBAL_ACCENT_COLOR_NAME = AccentColor;
				CODE_SIGN_STYLE = Automatic;
				CURRENT_PROJECT_VERSION = 1;
				DEVELOPMENT_TEAM = XK53VMU7S3;
				GENERATE_INFOPLIST_FILE = YES;
				INFOPLIST_FILE = CustomPopupTuto/Info.plist;
				INFOPLIST_KEY_UIApplicationSupportsIndirectInputEvents = YES;
				INFOPLIST_KEY_UILaunchStoryboardName = LaunchScreen;
				INFOPLIST_KEY_UIMainStoryboardFile = Main;
				INFOPLIST_KEY_UISupportedInterfaceOrientations_iPad = "UIInterfaceOrientationPortrait UIInterfaceOrientationPortraitUpsideDown UIInterfaceOrientationLandscapeLeft UIInterfaceOrientationLandscapeRight";
				INFOPLIST_KEY_UISupportedInterfaceOrientations_iPhone = "UIInterfaceOrientationPortrait UIInterfaceOrientationLandscapeLeft UIInterfaceOrientationLandscapeRight";
				LD_RUNPATH_SEARCH_PATHS = (
					"$(inherited)",
					"@executable_path/Frameworks",
				);
				MARKETING_VERSION = 1.0;
				PRODUCT_BUNDLE_IDENTIFIER = Cdeer.CustomPopupTuto;
				PRODUCT_NAME = "$(TARGET_NAME)";
				SWIFT_EMIT_LOC_STRINGS = YES;
				SWIFT_VERSION = 5.0;
				TARGETED_DEVICE_FAMILY = "1,2";
			};
			name = Release;
		};
/* End XCBuildConfiguration section */

/* Begin XCConfigurationList section */
		1B3D8E5127D23DD400183E6E /* Build configuration list for PBXProject "CustomPopupTuto" */ = {
			isa = XCConfigurationList;
			buildConfigurations = (
				1B3D8E6827D23DD500183E6E /* Debug */,
				1B3D8E6927D23DD500183E6E /* Release */,
			);
			defaultConfigurationIsVisible = 0;
			defaultConfigurationName = Release;
		};
		1B3D8E6A27D23DD500183E6E /* Build configuration list for PBXNativeTarget "CustomPopupTuto" */ = {
			isa = XCConfigurationList;
			buildConfigurations = (
				1B3D8E6B27D23DD500183E6E /* Debug */,
				1B3D8E6C27D23DD500183E6E /* Release */,
			);
			defaultConfigurationIsVisible = 0;
			defaultConfigurationName = Release;
		};
/* End XCConfigurationList section */
	};
	rootObject = 1B3D8E4E27D23DD400183E6E /* Project object */;
}
